
Microsoft Visual Studio Solution File, Format Version 12.00
# Visual Studio 2012
Project("{2150E333-8FDC-42A3-9474-1A3956D46DE8}") = ".nuget", ".nuget", "{277CCB8D-9F73-4E9E-82D5-9C1866DBABB5}"
	ProjectSection(SolutionItems) = preProject
		.nuget\NuGet.Config = .nuget\NuGet.Config
		.nuget\NuGet.exe = .nuget\NuGet.exe
		.nuget\NuGet.targets = .nuget\NuGet.targets
	EndProjectSection
EndProject
Project("{FAE04EC0-301F-11D3-BF4B-00C04F79EFBC}") = "ms.video.downloader", "ms.video.downloader\ms.video.downloader.csproj", "{C6807D1B-2713-4157-9665-3DC1E6DF61FE}"
EndProject
Project("{FAE04EC0-301F-11D3-BF4B-00C04F79EFBC}") = "ms.video.downloader.service", "ms.video.downloader.service\ms.video.downloader.service.csproj", "{EA4603E1-2493-47DD-A2F3-3EFF59D3D4FF}"
EndProject
Global
	GlobalSection(SolutionConfigurationPlatforms) = preSolution
		Debug|Any CPU = Debug|Any CPU
		Debug|ARM = Debug|ARM
		Debug|x64 = Debug|x64
		Debug|x86 = Debug|x86
		QueueDebug|Any CPU = QueueDebug|Any CPU
		QueueDebug|ARM = QueueDebug|ARM
		QueueDebug|x64 = QueueDebug|x64
		QueueDebug|x86 = QueueDebug|x86
		Release|Any CPU = Release|Any CPU
		Release|ARM = Release|ARM
		Release|x64 = Release|x64
		Release|x86 = Release|x86
		ReleaseQueue|Any CPU = ReleaseQueue|Any CPU
		ReleaseQueue|ARM = ReleaseQueue|ARM
		ReleaseQueue|x64 = ReleaseQueue|x64
		ReleaseQueue|x86 = ReleaseQueue|x86
	EndGlobalSection
	GlobalSection(ProjectConfigurationPlatforms) = postSolution
		{C6807D1B-2713-4157-9665-3DC1E6DF61FE}.Debug|Any CPU.ActiveCfg = Debug|Any CPU
		{C6807D1B-2713-4157-9665-3DC1E6DF61FE}.Debug|Any CPU.Build.0 = Debug|Any CPU
		{C6807D1B-2713-4157-9665-3DC1E6DF61FE}.Debug|ARM.ActiveCfg = Debug|Any CPU
		{C6807D1B-2713-4157-9665-3DC1E6DF61FE}.Debug|x64.ActiveCfg = Debug|Any CPU
		{C6807D1B-2713-4157-9665-3DC1E6DF61FE}.Debug|x86.ActiveCfg = Debug|Any CPU
		{C6807D1B-2713-4157-9665-3DC1E6DF61FE}.QueueDebug|Any CPU.ActiveCfg = Debug|Any CPU
		{C6807D1B-2713-4157-9665-3DC1E6DF61FE}.QueueDebug|Any CPU.Build.0 = Debug|Any CPU
		{C6807D1B-2713-4157-9665-3DC1E6DF61FE}.QueueDebug|ARM.ActiveCfg = Debug|Any CPU
		{C6807D1B-2713-4157-9665-3DC1E6DF61FE}.QueueDebug|x64.ActiveCfg = Debug|Any CPU
		{C6807D1B-2713-4157-9665-3DC1E6DF61FE}.QueueDebug|x86.ActiveCfg = Debug|Any CPU
		{C6807D1B-2713-4157-9665-3DC1E6DF61FE}.Release|Any CPU.ActiveCfg = Release|Any CPU
		{C6807D1B-2713-4157-9665-3DC1E6DF61FE}.Release|Any CPU.Build.0 = Release|Any CPU
		{C6807D1B-2713-4157-9665-3DC1E6DF61FE}.Release|ARM.ActiveCfg = Release|Any CPU
		{C6807D1B-2713-4157-9665-3DC1E6DF61FE}.Release|x64.ActiveCfg = Release|Any CPU
		{C6807D1B-2713-4157-9665-3DC1E6DF61FE}.Release|x86.ActiveCfg = Release|Any CPU
		{C6807D1B-2713-4157-9665-3DC1E6DF61FE}.ReleaseQueue|Any CPU.ActiveCfg = Release|Any CPU
		{C6807D1B-2713-4157-9665-3DC1E6DF61FE}.ReleaseQueue|Any CPU.Build.0 = Release|Any CPU
		{C6807D1B-2713-4157-9665-3DC1E6DF61FE}.ReleaseQueue|ARM.ActiveCfg = Release|Any CPU
		{C6807D1B-2713-4157-9665-3DC1E6DF61FE}.ReleaseQueue|x64.ActiveCfg = Release|Any CPU
		{C6807D1B-2713-4157-9665-3DC1E6DF61FE}.ReleaseQueue|x86.ActiveCfg = Release|Any CPU
		{EA4603E1-2493-47DD-A2F3-3EFF59D3D4FF}.Debug|Any CPU.ActiveCfg = Debug|Any CPU
		{EA4603E1-2493-47DD-A2F3-3EFF59D3D4FF}.Debug|Any CPU.Build.0 = Debug|Any CPU
		{EA4603E1-2493-47DD-A2F3-3EFF59D3D4FF}.Debug|ARM.ActiveCfg = Debug|Any CPU
		{EA4603E1-2493-47DD-A2F3-3EFF59D3D4FF}.Debug|x64.ActiveCfg = Debug|Any CPU
		{EA4603E1-2493-47DD-A2F3-3EFF59D3D4FF}.Debug|x86.ActiveCfg = Debug|Any CPU
		{EA4603E1-2493-47DD-A2F3-3EFF59D3D4FF}.QueueDebug|Any CPU.ActiveCfg = Debug|Any CPU
		{EA4603E1-2493-47DD-A2F3-3EFF59D3D4FF}.QueueDebug|Any CPU.Build.0 = Debug|Any CPU
		{EA4603E1-2493-47DD-A2F3-3EFF59D3D4FF}.QueueDebug|ARM.ActiveCfg = Debug|Any CPU
		{EA4603E1-2493-47DD-A2F3-3EFF59D3D4FF}.QueueDebug|x64.ActiveCfg = Debug|Any CPU
		{EA4603E1-2493-47DD-A2F3-3EFF59D3D4FF}.QueueDebug|x86.ActiveCfg = Debug|Any CPU
		{EA4603E1-2493-47DD-A2F3-3EFF59D3D4FF}.Release|Any CPU.ActiveCfg = Release|Any CPU
		{EA4603E1-2493-47DD-A2F3-3EFF59D3D4FF}.Release|Any CPU.Build.0 = Release|Any CPU
		{EA4603E1-2493-47DD-A2F3-3EFF59D3D4FF}.Release|ARM.ActiveCfg = Release|Any CPU
		{EA4603E1-2493-47DD-A2F3-3EFF59D3D4FF}.Release|x64.ActiveCfg = Release|Any CPU
		{EA4603E1-2493-47DD-A2F3-3EFF59D3D4FF}.Release|x86.ActiveCfg = Release|Any CPU
		{EA4603E1-2493-47DD-A2F3-3EFF59D3D4FF}.ReleaseQueue|Any CPU.ActiveCfg = Release|Any CPU
		{EA4603E1-2493-47DD-A2F3-3EFF59D3D4FF}.ReleaseQueue|Any CPU.Build.0 = Release|Any CPU
		{EA4603E1-2493-47DD-A2F3-3EFF59D3D4FF}.ReleaseQueue|ARM.ActiveCfg = Release|Any CPU
		{EA4603E1-2493-47DD-A2F3-3EFF59D3D4FF}.ReleaseQueue|x64.ActiveCfg = Release|Any CPU
		{EA4603E1-2493-47DD-A2F3-3EFF59D3D4FF}.ReleaseQueue|x86.ActiveCfg = Release|Any CPU
	EndGlobalSection
	GlobalSection(SolutionProperties) = preSolution
		HideSolutionNode = FALSE
	EndGlobalSection
EndGlobal
