
Microsoft Visual Studio Solution File, Format Version 12.00
# Visual Studio 2012
Project("{FAE04EC0-301F-11D3-BF4B-00C04F79EFBC}") = "MS.Youtube.Downloader.Service", "MS.Youtube.Downloader.Service\MS.Youtube.Downloader.Service.csproj", "{D7CDFD0E-4DF1-4697-A8E5-DEFD5F2E33EA}"
EndProject
Project("{2150E333-8FDC-42A3-9474-1A3956D46DE8}") = ".nuget", ".nuget", "{277CCB8D-9F73-4E9E-82D5-9C1866DBABB5}"
	ProjectSection(SolutionItems) = preProject
		.nuget\NuGet.Config = .nuget\NuGet.Config
		.nuget\NuGet.exe = .nuget\NuGet.exe
		.nuget\NuGet.targets = .nuget\NuGet.targets
	EndProjectSection
EndProject
Project("{FAE04EC0-301F-11D3-BF4B-00C04F79EFBC}") = "MS.Youtube.Playlist.Downloader", "MS.Youtube.Playlist.Downloader\MS.Youtube.Playlist.Downloader.csproj", "{EC4C42E2-18C3-456C-8B74-FE48A4E7B4AF}"
EndProject
Global
	GlobalSection(SolutionConfigurationPlatforms) = preSolution
		Debug|Any CPU = Debug|Any CPU
		Debug|ARM = Debug|ARM
		Debug|x64 = Debug|x64
		Debug|x86 = Debug|x86
		Release|Any CPU = Release|Any CPU
		Release|ARM = Release|ARM
		Release|x64 = Release|x64
		Release|x86 = Release|x86
	EndGlobalSection
	GlobalSection(ProjectConfigurationPlatforms) = postSolution
		{D7CDFD0E-4DF1-4697-A8E5-DEFD5F2E33EA}.Debug|Any CPU.ActiveCfg = Debug|Any CPU
		{D7CDFD0E-4DF1-4697-A8E5-DEFD5F2E33EA}.Debug|Any CPU.Build.0 = Debug|Any CPU
		{D7CDFD0E-4DF1-4697-A8E5-DEFD5F2E33EA}.Debug|ARM.ActiveCfg = Debug|Any CPU
		{D7CDFD0E-4DF1-4697-A8E5-DEFD5F2E33EA}.Debug|x64.ActiveCfg = Debug|Any CPU
		{D7CDFD0E-4DF1-4697-A8E5-DEFD5F2E33EA}.Debug|x86.ActiveCfg = Debug|Any CPU
		{D7CDFD0E-4DF1-4697-A8E5-DEFD5F2E33EA}.Release|Any CPU.ActiveCfg = Release|Any CPU
		{D7CDFD0E-4DF1-4697-A8E5-DEFD5F2E33EA}.Release|Any CPU.Build.0 = Release|Any CPU
		{D7CDFD0E-4DF1-4697-A8E5-DEFD5F2E33EA}.Release|ARM.ActiveCfg = Release|Any CPU
		{D7CDFD0E-4DF1-4697-A8E5-DEFD5F2E33EA}.Release|x64.ActiveCfg = Release|Any CPU
		{D7CDFD0E-4DF1-4697-A8E5-DEFD5F2E33EA}.Release|x86.ActiveCfg = Release|Any CPU
		{EC4C42E2-18C3-456C-8B74-FE48A4E7B4AF}.Debug|Any CPU.ActiveCfg = Debug|Any CPU
		{EC4C42E2-18C3-456C-8B74-FE48A4E7B4AF}.Debug|Any CPU.Build.0 = Debug|Any CPU
		{EC4C42E2-18C3-456C-8B74-FE48A4E7B4AF}.Debug|ARM.ActiveCfg = Debug|Any CPU
		{EC4C42E2-18C3-456C-8B74-FE48A4E7B4AF}.Debug|x64.ActiveCfg = Debug|Any CPU
		{EC4C42E2-18C3-456C-8B74-FE48A4E7B4AF}.Debug|x86.ActiveCfg = Debug|Any CPU
		{EC4C42E2-18C3-456C-8B74-FE48A4E7B4AF}.Release|Any CPU.ActiveCfg = Release|Any CPU
		{EC4C42E2-18C3-456C-8B74-FE48A4E7B4AF}.Release|Any CPU.Build.0 = Release|Any CPU
		{EC4C42E2-18C3-456C-8B74-FE48A4E7B4AF}.Release|ARM.ActiveCfg = Release|Any CPU
		{EC4C42E2-18C3-456C-8B74-FE48A4E7B4AF}.Release|x64.ActiveCfg = Release|Any CPU
		{EC4C42E2-18C3-456C-8B74-FE48A4E7B4AF}.Release|x86.ActiveCfg = Release|Any CPU
	EndGlobalSection
	GlobalSection(SolutionProperties) = preSolution
		HideSolutionNode = FALSE
	EndGlobalSection
EndGlobal
